// !$*UTF8*$!
{
	archiveVersion = 1;
	classes = {
	};
	objectVersion = 56;
	objects = {

/* Begin PBXBuildFile section */
		50664D232C16E43200770862 /* AddTaskButton.swift in Sources */ = {isa = PBXBuildFile; fileRef = 50664D222C16E43200770862 /* AddTaskButton.swift */; };
		507F0FCE2C089AD4005BFEAE /* Simple_Task_Planner__PP_IV_App.swift in Sources */ = {isa = PBXBuildFile; fileRef = 507F0FCD2C089AD4005BFEAE /* Simple_Task_Planner__PP_IV_App.swift */; };
		507F0FD02C089AD4005BFEAE /* ContentView.swift in Sources */ = {isa = PBXBuildFile; fileRef = 507F0FCF2C089AD4005BFEAE /* ContentView.swift */; };
		507F0FD42C089AD5005BFEAE /* Assets.xcassets in Resources */ = {isa = PBXBuildFile; fileRef = 507F0FD32C089AD5005BFEAE /* Assets.xcassets */; };
		507F0FD72C089AD5005BFEAE /* Preview Assets.xcassets in Resources */ = {isa = PBXBuildFile; fileRef = 507F0FD62C089AD5005BFEAE /* Preview Assets.xcassets */; };
		507F0FE12C089AD5005BFEAE /* Simple_Task_Planner__PP_IV_Tests.swift in Sources */ = {isa = PBXBuildFile; fileRef = 507F0FE02C089AD5005BFEAE /* Simple_Task_Planner__PP_IV_Tests.swift */; };
		507F0FEB2C089AD5005BFEAE /* Simple_Task_Planner__PP_IV_UITests.swift in Sources */ = {isa = PBXBuildFile; fileRef = 507F0FEA2C089AD5005BFEAE /* Simple_Task_Planner__PP_IV_UITests.swift */; };
		507F0FED2C089AD5005BFEAE /* Simple_Task_Planner__PP_IV_UITestsLaunchTests.swift in Sources */ = {isa = PBXBuildFile; fileRef = 507F0FEC2C089AD5005BFEAE /* Simple_Task_Planner__PP_IV_UITestsLaunchTests.swift */; };
		507F0FFA2C089BA8005BFEAE /* Task.swift in Sources */ = {isa = PBXBuildFile; fileRef = 507F0FF92C089BA8005BFEAE /* Task.swift */; };
		507F0FFC2C08A0F6005BFEAE /* ConfigurationView.swift in Sources */ = {isa = PBXBuildFile; fileRef = 507F0FFB2C08A0F6005BFEAE /* ConfigurationView.swift */; };
		5085B1662C1835300085CB37 /* TaskListItem.swift in Sources */ = {isa = PBXBuildFile; fileRef = 5085B1652C1835300085CB37 /* TaskListItem.swift */; };
		5085B1682C18376F0085CB37 /* TaskView.swift in Sources */ = {isa = PBXBuildFile; fileRef = 5085B1672C18376F0085CB37 /* TaskView.swift */; };
		5085B16A2C18405C0085CB37 /* StatusBadge.swift in Sources */ = {isa = PBXBuildFile; fileRef = 5085B1692C18405C0085CB37 /* StatusBadge.swift */; };
/* End PBXBuildFile section */

/* Begin PBXContainerItemProxy section */
		507F0FDD2C089AD5005BFEAE /* PBXContainerItemProxy */ = {
			isa = PBXContainerItemProxy;
			containerPortal = 507F0FC22C089AD3005BFEAE /* Project object */;
			proxyType = 1;
			remoteGlobalIDString = 507F0FC92C089AD3005BFEAE;
			remoteInfo = "Simple Task Planner (PP IV)";
		};
		507F0FE72C089AD5005BFEAE /* PBXContainerItemProxy */ = {
			isa = PBXContainerItemProxy;
			containerPortal = 507F0FC22C089AD3005BFEAE /* Project object */;
			proxyType = 1;
			remoteGlobalIDString = 507F0FC92C089AD3005BFEAE;
			remoteInfo = "Simple Task Planner (PP IV)";
		};
/* End PBXContainerItemProxy section */

/* Begin PBXFileReference section */
		50664D222C16E43200770862 /* AddTaskButton.swift */ = {isa = PBXFileReference; lastKnownFileType = sourcecode.swift; path = AddTaskButton.swift; sourceTree = "<group>"; };
		507F0FCA2C089AD4005BFEAE /* Simple Task Planner (PP IV).app */ = {isa = PBXFileReference; explicitFileType = wrapper.application; includeInIndex = 0; path = "Simple Task Planner (PP IV).app"; sourceTree = BUILT_PRODUCTS_DIR; };
		507F0FCD2C089AD4005BFEAE /* Simple_Task_Planner__PP_IV_App.swift */ = {isa = PBXFileReference; lastKnownFileType = sourcecode.swift; path = Simple_Task_Planner__PP_IV_App.swift; sourceTree = "<group>"; };
		507F0FCF2C089AD4005BFEAE /* ContentView.swift */ = {isa = PBXFileReference; lastKnownFileType = sourcecode.swift; path = ContentView.swift; sourceTree = "<group>"; };
		507F0FD32C089AD5005BFEAE /* Assets.xcassets */ = {isa = PBXFileReference; lastKnownFileType = folder.assetcatalog; path = Assets.xcassets; sourceTree = "<group>"; };
		507F0FD62C089AD5005BFEAE /* Preview Assets.xcassets */ = {isa = PBXFileReference; lastKnownFileType = folder.assetcatalog; path = "Preview Assets.xcassets"; sourceTree = "<group>"; };
		507F0FDC2C089AD5005BFEAE /* Simple Task Planner (PP IV)Tests.xctest */ = {isa = PBXFileReference; explicitFileType = wrapper.cfbundle; includeInIndex = 0; path = "Simple Task Planner (PP IV)Tests.xctest"; sourceTree = BUILT_PRODUCTS_DIR; };
		507F0FE02C089AD5005BFEAE /* Simple_Task_Planner__PP_IV_Tests.swift */ = {isa = PBXFileReference; lastKnownFileType = sourcecode.swift; path = Simple_Task_Planner__PP_IV_Tests.swift; sourceTree = "<group>"; };
		507F0FE62C089AD5005BFEAE /* Simple Task Planner (PP IV)UITests.xctest */ = {isa = PBXFileReference; explicitFileType = wrapper.cfbundle; includeInIndex = 0; path = "Simple Task Planner (PP IV)UITests.xctest"; sourceTree = BUILT_PRODUCTS_DIR; };
		507F0FEA2C089AD5005BFEAE /* Simple_Task_Planner__PP_IV_UITests.swift */ = {isa = PBXFileReference; lastKnownFileType = sourcecode.swift; path = Simple_Task_Planner__PP_IV_UITests.swift; sourceTree = "<group>"; };
		507F0FEC2C089AD5005BFEAE /* Simple_Task_Planner__PP_IV_UITestsLaunchTests.swift */ = {isa = PBXFileReference; lastKnownFileType = sourcecode.swift; path = Simple_Task_Planner__PP_IV_UITestsLaunchTests.swift; sourceTree = "<group>"; };
		507F0FF92C089BA8005BFEAE /* Task.swift */ = {isa = PBXFileReference; lastKnownFileType = sourcecode.swift; path = Task.swift; sourceTree = "<group>"; };
		507F0FFB2C08A0F6005BFEAE /* ConfigurationView.swift */ = {isa = PBXFileReference; lastKnownFileType = sourcecode.swift; path = ConfigurationView.swift; sourceTree = "<group>"; };
		5085B1652C1835300085CB37 /* TaskListItem.swift */ = {isa = PBXFileReference; lastKnownFileType = sourcecode.swift; path = TaskListItem.swift; sourceTree = "<group>"; };
		5085B1672C18376F0085CB37 /* TaskView.swift */ = {isa = PBXFileReference; lastKnownFileType = sourcecode.swift; path = TaskView.swift; sourceTree = "<group>"; };
		5085B1692C18405C0085CB37 /* StatusBadge.swift */ = {isa = PBXFileReference; lastKnownFileType = sourcecode.swift; path = StatusBadge.swift; sourceTree = "<group>"; };
/* End PBXFileReference section */

/* Begin PBXFrameworksBuildPhase section */
		507F0FC72C089AD3005BFEAE /* Frameworks */ = {
			isa = PBXFrameworksBuildPhase;
			buildActionMask = 2147483647;
			files = (
			);
			runOnlyForDeploymentPostprocessing = 0;
		};
		507F0FD92C089AD5005BFEAE /* Frameworks */ = {
			isa = PBXFrameworksBuildPhase;
			buildActionMask = 2147483647;
			files = (
			);
			runOnlyForDeploymentPostprocessing = 0;
		};
		507F0FE32C089AD5005BFEAE /* Frameworks */ = {
			isa = PBXFrameworksBuildPhase;
			buildActionMask = 2147483647;
			files = (
			);
			runOnlyForDeploymentPostprocessing = 0;
		};
/* End PBXFrameworksBuildPhase section */

/* Begin PBXGroup section */
		50664D212C16E41000770862 /* Components */ = {
			isa = PBXGroup;
			children = (
				50664D222C16E43200770862 /* AddTaskButton.swift */,
				5085B1652C1835300085CB37 /* TaskListItem.swift */,
				5085B1692C18405C0085CB37 /* StatusBadge.swift */,
			);
			path = Components;
			sourceTree = "<group>";
		};
		507F0FC12C089AD3005BFEAE = {
			isa = PBXGroup;
			children = (
				507F0FCC2C089AD4005BFEAE /* Simple Task Planner (PP IV) */,
				507F0FDF2C089AD5005BFEAE /* Simple Task Planner (PP IV)Tests */,
				507F0FE92C089AD5005BFEAE /* Simple Task Planner (PP IV)UITests */,
				507F0FCB2C089AD4005BFEAE /* Products */,
			);
			sourceTree = "<group>";
		};
		507F0FCB2C089AD4005BFEAE /* Products */ = {
			isa = PBXGroup;
			children = (
				507F0FCA2C089AD4005BFEAE /* Simple Task Planner (PP IV).app */,
				507F0FDC2C089AD5005BFEAE /* Simple Task Planner (PP IV)Tests.xctest */,
				507F0FE62C089AD5005BFEAE /* Simple Task Planner (PP IV)UITests.xctest */,
			);
			name = Products;
			sourceTree = "<group>";
		};
		507F0FCC2C089AD4005BFEAE /* Simple Task Planner (PP IV) */ = {
			isa = PBXGroup;
			children = (
				50664D212C16E41000770862 /* Components */,
				507F0FCD2C089AD4005BFEAE /* Simple_Task_Planner__PP_IV_App.swift */,
				507F0FCF2C089AD4005BFEAE /* ContentView.swift */,
				507F0FD32C089AD5005BFEAE /* Assets.xcassets */,
				507F0FD52C089AD5005BFEAE /* Preview Content */,
				507F0FF92C089BA8005BFEAE /* Task.swift */,
				507F0FFB2C08A0F6005BFEAE /* ConfigurationView.swift */,
				5085B1672C18376F0085CB37 /* TaskView.swift */,
			);
			path = "Simple Task Planner (PP IV)";
			sourceTree = "<group>";
		};
		507F0FD52C089AD5005BFEAE /* Preview Content */ = {
			isa = PBXGroup;
			children = (
				507F0FD62C089AD5005BFEAE /* Preview Assets.xcassets */,
			);
			path = "Preview Content";
			sourceTree = "<group>";
		};
		507F0FDF2C089AD5005BFEAE /* Simple Task Planner (PP IV)Tests */ = {
			isa = PBXGroup;
			children = (
				507F0FE02C089AD5005BFEAE /* Simple_Task_Planner__PP_IV_Tests.swift */,
			);
			path = "Simple Task Planner (PP IV)Tests";
			sourceTree = "<group>";
		};
		507F0FE92C089AD5005BFEAE /* Simple Task Planner (PP IV)UITests */ = {
			isa = PBXGroup;
			children = (
				507F0FEA2C089AD5005BFEAE /* Simple_Task_Planner__PP_IV_UITests.swift */,
				507F0FEC2C089AD5005BFEAE /* Simple_Task_Planner__PP_IV_UITestsLaunchTests.swift */,
			);
			path = "Simple Task Planner (PP IV)UITests";
			sourceTree = "<group>";
		};
/* End PBXGroup section */

/* Begin PBXNativeTarget section */
		507F0FC92C089AD3005BFEAE /* Simple Task Planner (PP IV) */ = {
			isa = PBXNativeTarget;
			buildConfigurationList = 507F0FF02C089AD5005BFEAE /* Build configuration list for PBXNativeTarget "Simple Task Planner (PP IV)" */;
			buildPhases = (
				507F0FC62C089AD3005BFEAE /* Sources */,
				507F0FC72C089AD3005BFEAE /* Frameworks */,
				507F0FC82C089AD3005BFEAE /* Resources */,
			);
			buildRules = (
			);
			dependencies = (
			);
			name = "Simple Task Planner (PP IV)";
			productName = "Simple Task Planner (PP IV)";
			productReference = 507F0FCA2C089AD4005BFEAE /* Simple Task Planner (PP IV).app */;
			productType = "com.apple.product-type.application";
		};
		507F0FDB2C089AD5005BFEAE /* Simple Task Planner (PP IV)Tests */ = {
			isa = PBXNativeTarget;
			buildConfigurationList = 507F0FF32C089AD5005BFEAE /* Build configuration list for PBXNativeTarget "Simple Task Planner (PP IV)Tests" */;
			buildPhases = (
				507F0FD82C089AD5005BFEAE /* Sources */,
				507F0FD92C089AD5005BFEAE /* Frameworks */,
				507F0FDA2C089AD5005BFEAE /* Resources */,
			);
			buildRules = (
			);
			dependencies = (
				507F0FDE2C089AD5005BFEAE /* PBXTargetDependency */,
			);
			name = "Simple Task Planner (PP IV)Tests";
			productName = "Simple Task Planner (PP IV)Tests";
			productReference = 507F0FDC2C089AD5005BFEAE /* Simple Task Planner (PP IV)Tests.xctest */;
			productType = "com.apple.product-type.bundle.unit-test";
		};
		507F0FE52C089AD5005BFEAE /* Simple Task Planner (PP IV)UITests */ = {
			isa = PBXNativeTarget;
			buildConfigurationList = 507F0FF62C089AD5005BFEAE /* Build configuration list for PBXNativeTarget "Simple Task Planner (PP IV)UITests" */;
			buildPhases = (
				507F0FE22C089AD5005BFEAE /* Sources */,
				507F0FE32C089AD5005BFEAE /* Frameworks */,
				507F0FE42C089AD5005BFEAE /* Resources */,
			);
			buildRules = (
			);
			dependencies = (
				507F0FE82C089AD5005BFEAE /* PBXTargetDependency */,
			);
			name = "Simple Task Planner (PP IV)UITests";
			productName = "Simple Task Planner (PP IV)UITests";
			productReference = 507F0FE62C089AD5005BFEAE /* Simple Task Planner (PP IV)UITests.xctest */;
			productType = "com.apple.product-type.bundle.ui-testing";
		};
/* End PBXNativeTarget section */

/* Begin PBXProject section */
		507F0FC22C089AD3005BFEAE /* Project object */ = {
			isa = PBXProject;
			attributes = {
				BuildIndependentTargetsInParallel = 1;
				LastSwiftUpdateCheck = 1540;
				LastUpgradeCheck = 1540;
				TargetAttributes = {
					507F0FC92C089AD3005BFEAE = {
						CreatedOnToolsVersion = 15.4;
					};
					507F0FDB2C089AD5005BFEAE = {
						CreatedOnToolsVersion = 15.4;
						TestTargetID = 507F0FC92C089AD3005BFEAE;
					};
					507F0FE52C089AD5005BFEAE = {
						CreatedOnToolsVersion = 15.4;
						TestTargetID = 507F0FC92C089AD3005BFEAE;
					};
				};
			};
			buildConfigurationList = 507F0FC52C089AD3005BFEAE /* Build configuration list for PBXProject "Simple Task Planner (PP IV)" */;
			compatibilityVersion = "Xcode 14.0";
			developmentRegion = en;
			hasScannedForEncodings = 0;
			knownRegions = (
				en,
				Base,
			);
			mainGroup = 507F0FC12C089AD3005BFEAE;
			productRefGroup = 507F0FCB2C089AD4005BFEAE /* Products */;
			projectDirPath = "";
			projectRoot = "";
			targets = (
				507F0FC92C089AD3005BFEAE /* Simple Task Planner (PP IV) */,
				507F0FDB2C089AD5005BFEAE /* Simple Task Planner (PP IV)Tests */,
				507F0FE52C089AD5005BFEAE /* Simple Task Planner (PP IV)UITests */,
			);
		};
/* End PBXProject section */

/* Begin PBXResourcesBuildPhase section */
		507F0FC82C089AD3005BFEAE /* Resources */ = {
			isa = PBXResourcesBuildPhase;
			buildActionMask = 2147483647;
			files = (
				507F0FD72C089AD5005BFEAE /* Preview Assets.xcassets in Resources */,
				507F0FD42C089AD5005BFEAE /* Assets.xcassets in Resources */,
			);
			runOnlyForDeploymentPostprocessing = 0;
		};
		507F0FDA2C089AD5005BFEAE /* Resources */ = {
			isa = PBXResourcesBuildPhase;
			buildActionMask = 2147483647;
			files = (
			);
			runOnlyForDeploymentPostprocessing = 0;
		};
		507F0FE42C089AD5005BFEAE /* Resources */ = {
			isa = PBXResourcesBuildPhase;
			buildActionMask = 2147483647;
			files = (
			);
			runOnlyForDeploymentPostprocessing = 0;
		};
/* End PBXResourcesBuildPhase section */

/* Begin PBXSourcesBuildPhase section */
		507F0FC62C089AD3005BFEAE /* Sources */ = {
			isa = PBXSourcesBuildPhase;
			buildActionMask = 2147483647;
			files = (
				507F0FFA2C089BA8005BFEAE /* Task.swift in Sources */,
				5085B1682C18376F0085CB37 /* TaskView.swift in Sources */,
				507F0FFC2C08A0F6005BFEAE /* ConfigurationView.swift in Sources */,
				5085B16A2C18405C0085CB37 /* StatusBadge.swift in Sources */,
				5085B1662C1835300085CB37 /* TaskListItem.swift in Sources */,
				50664D232C16E43200770862 /* AddTaskButton.swift in Sources */,
				507F0FD02C089AD4005BFEAE /* ContentView.swift in Sources */,
				507F0FCE2C089AD4005BFEAE /* Simple_Task_Planner__PP_IV_App.swift in Sources */,
			);
			runOnlyForDeploymentPostprocessing = 0;
		};
		507F0FD82C089AD5005BFEAE /* Sources */ = {
			isa = PBXSourcesBuildPhase;
			buildActionMask = 2147483647;
			files = (
				507F0FE12C089AD5005BFEAE /* Simple_Task_Planner__PP_IV_Tests.swift in Sources */,
			);
			runOnlyForDeploymentPostprocessing = 0;
		};
		507F0FE22C089AD5005BFEAE /* Sources */ = {
			isa = PBXSourcesBuildPhase;
			buildActionMask = 2147483647;
			files = (
				507F0FEB2C089AD5005BFEAE /* Simple_Task_Planner__PP_IV_UITests.swift in Sources */,
				507F0FED2C089AD5005BFEAE /* Simple_Task_Planner__PP_IV_UITestsLaunchTests.swift in Sources */,
			);
			runOnlyForDeploymentPostprocessing = 0;
		};
/* End PBXSourcesBuildPhase section */

/* Begin PBXTargetDependency section */
		507F0FDE2C089AD5005BFEAE /* PBXTargetDependency */ = {
			isa = PBXTargetDependency;
			target = 507F0FC92C089AD3005BFEAE /* Simple Task Planner (PP IV) */;
			targetProxy = 507F0FDD2C089AD5005BFEAE /* PBXContainerItemProxy */;
		};
		507F0FE82C089AD5005BFEAE /* PBXTargetDependency */ = {
			isa = PBXTargetDependency;
			target = 507F0FC92C089AD3005BFEAE /* Simple Task Planner (PP IV) */;
			targetProxy = 507F0FE72C089AD5005BFEAE /* PBXContainerItemProxy */;
		};
/* End PBXTargetDependency section */

/* Begin XCBuildConfiguration section */
		507F0FEE2C089AD5005BFEAE /* Debug */ = {
			isa = XCBuildConfiguration;
			buildSettings = {
				ALWAYS_SEARCH_USER_PATHS = NO;
				ASSETCATALOG_COMPILER_GENERATE_SWIFT_ASSET_SYMBOL_EXTENSIONS = YES;
				CLANG_ANALYZER_NONNULL = YES;
				CLANG_ANALYZER_NUMBER_OBJECT_CONVERSION = YES_AGGRESSIVE;
				CLANG_CXX_LANGUAGE_STANDARD = "gnu++20";
				CLANG_ENABLE_MODULES = YES;
				CLANG_ENABLE_OBJC_ARC = YES;
				CLANG_ENABLE_OBJC_WEAK = YES;
				CLANG_WARN_BLOCK_CAPTURE_AUTORELEASING = YES;
				CLANG_WARN_BOOL_CONVERSION = YES;
				CLANG_WARN_COMMA = YES;
				CLANG_WARN_CONSTANT_CONVERSION = YES;
				CLANG_WARN_DEPRECATED_OBJC_IMPLEMENTATIONS = YES;
				CLANG_WARN_DIRECT_OBJC_ISA_USAGE = YES_ERROR;
				CLANG_WARN_DOCUMENTATION_COMMENTS = YES;
				CLANG_WARN_EMPTY_BODY = YES;
				CLANG_WARN_ENUM_CONVERSION = YES;
				CLANG_WARN_INFINITE_RECURSION = YES;
				CLANG_WARN_INT_CONVERSION = YES;
				CLANG_WARN_NON_LITERAL_NULL_CONVERSION = YES;
				CLANG_WARN_OBJC_IMPLICIT_RETAIN_SELF = YES;
				CLANG_WARN_OBJC_LITERAL_CONVERSION = YES;
				CLANG_WARN_OBJC_ROOT_CLASS = YES_ERROR;
				CLANG_WARN_QUOTED_INCLUDE_IN_FRAMEWORK_HEADER = YES;
				CLANG_WARN_RANGE_LOOP_ANALYSIS = YES;
				CLANG_WARN_STRICT_PROTOTYPES = YES;
				CLANG_WARN_SUSPICIOUS_MOVE = YES;
				CLANG_WARN_UNGUARDED_AVAILABILITY = YES_AGGRESSIVE;
				CLANG_WARN_UNREACHABLE_CODE = YES;
				CLANG_WARN__DUPLICATE_METHOD_MATCH = YES;
				COPY_PHASE_STRIP = NO;
				DEBUG_INFORMATION_FORMAT = dwarf;
				ENABLE_STRICT_OBJC_MSGSEND = YES;
				ENABLE_TESTABILITY = YES;
				ENABLE_USER_SCRIPT_SANDBOXING = YES;
				GCC_C_LANGUAGE_STANDARD = gnu17;
				GCC_DYNAMIC_NO_PIC = NO;
				GCC_NO_COMMON_BLOCKS = YES;
				GCC_OPTIMIZATION_LEVEL = 0;
				GCC_PREPROCESSOR_DEFINITIONS = (
					"DEBUG=1",
					"$(inherited)",
				);
				GCC_WARN_64_TO_32_BIT_CONVERSION = YES;
				GCC_WARN_ABOUT_RETURN_TYPE = YES_ERROR;
				GCC_WARN_UNDECLARED_SELECTOR = YES;
				GCC_WARN_UNINITIALIZED_AUTOS = YES_AGGRESSIVE;
				GCC_WARN_UNUSED_FUNCTION = YES;
				GCC_WARN_UNUSED_VARIABLE = YES;
				IPHONEOS_DEPLOYMENT_TARGET = 17.5;
				LOCALIZATION_PREFERS_STRING_CATALOGS = YES;
				MTL_ENABLE_DEBUG_INFO = INCLUDE_SOURCE;
				MTL_FAST_MATH = YES;
				ONLY_ACTIVE_ARCH = YES;
				SDKROOT = iphoneos;
				SWIFT_ACTIVE_COMPILATION_CONDITIONS = "DEBUG $(inherited)";
				SWIFT_OPTIMIZATION_LEVEL = "-Onone";
			};
			name = Debug;
		};
		507F0FEF2C089AD5005BFEAE /* Release */ = {
			isa = XCBuildConfiguration;
			buildSettings = {
				ALWAYS_SEARCH_USER_PATHS = NO;
				ASSETCATALOG_COMPILER_GENERATE_SWIFT_ASSET_SYMBOL_EXTENSIONS = YES;
				CLANG_ANALYZER_NONNULL = YES;
				CLANG_ANALYZER_NUMBER_OBJECT_CONVERSION = YES_AGGRESSIVE;
				CLANG_CXX_LANGUAGE_STANDARD = "gnu++20";
				CLANG_ENABLE_MODULES = YES;
				CLANG_ENABLE_OBJC_ARC = YES;
				CLANG_ENABLE_OBJC_WEAK = YES;
				CLANG_WARN_BLOCK_CAPTURE_AUTORELEASING = YES;
				CLANG_WARN_BOOL_CONVERSION = YES;
				CLANG_WARN_COMMA = YES;
				CLANG_WARN_CONSTANT_CONVERSION = YES;
				CLANG_WARN_DEPRECATED_OBJC_IMPLEMENTATIONS = YES;
				CLANG_WARN_DIRECT_OBJC_ISA_USAGE = YES_ERROR;
				CLANG_WARN_DOCUMENTATION_COMMENTS = YES;
				CLANG_WARN_EMPTY_BODY = YES;
				CLANG_WARN_ENUM_CONVERSION = YES;
				CLANG_WARN_INFINITE_RECURSION = YES;
				CLANG_WARN_INT_CONVERSION = YES;
				CLANG_WARN_NON_LITERAL_NULL_CONVERSION = YES;
				CLANG_WARN_OBJC_IMPLICIT_RETAIN_SELF = YES;
				CLANG_WARN_OBJC_LITERAL_CONVERSION = YES;
				CLANG_WARN_OBJC_ROOT_CLASS = YES_ERROR;
				CLANG_WARN_QUOTED_INCLUDE_IN_FRAMEWORK_HEADER = YES;
				CLANG_WARN_RANGE_LOOP_ANALYSIS = YES;
				CLANG_WARN_STRICT_PROTOTYPES = YES;
				CLANG_WARN_SUSPICIOUS_MOVE = YES;
				CLANG_WARN_UNGUARDED_AVAILABILITY = YES_AGGRESSIVE;
				CLANG_WARN_UNREACHABLE_CODE = YES;
				CLANG_WARN__DUPLICATE_METHOD_MATCH = YES;
				COPY_PHASE_STRIP = NO;
				DEBUG_INFORMATION_FORMAT = "dwarf-with-dsym";
				ENABLE_NS_ASSERTIONS = NO;
				ENABLE_STRICT_OBJC_MSGSEND = YES;
				ENABLE_USER_SCRIPT_SANDBOXING = YES;
				GCC_C_LANGUAGE_STANDARD = gnu17;
				GCC_NO_COMMON_BLOCKS = YES;
				GCC_WARN_64_TO_32_BIT_CONVERSION = YES;
				GCC_WARN_ABOUT_RETURN_TYPE = YES_ERROR;
				GCC_WARN_UNDECLARED_SELECTOR = YES;
				GCC_WARN_UNINITIALIZED_AUTOS = YES_AGGRESSIVE;
				GCC_WARN_UNUSED_FUNCTION = YES;
				GCC_WARN_UNUSED_VARIABLE = YES;
				IPHONEOS_DEPLOYMENT_TARGET = 17.5;
				LOCALIZATION_PREFERS_STRING_CATALOGS = YES;
				MTL_ENABLE_DEBUG_INFO = NO;
				MTL_FAST_MATH = YES;
				SDKROOT = iphoneos;
				SWIFT_COMPILATION_MODE = wholemodule;
				VALIDATE_PRODUCT = YES;
			};
			name = Release;
		};
		507F0FF12C089AD5005BFEAE /* Debug */ = {
			isa = XCBuildConfiguration;
			buildSettings = {
				ASSETCATALOG_COMPILER_APPICON_NAME = AppIcon;
				ASSETCATALOG_COMPILER_GLOBAL_ACCENT_COLOR_NAME = AccentColor;
				CODE_SIGN_STYLE = Automatic;
				CURRENT_PROJECT_VERSION = 1;
				DEVELOPMENT_ASSET_PATHS = "\"Simple Task Planner (PP IV)/Preview Content\"";
				DEVELOPMENT_TEAM = 29K2K8YXWB;
				ENABLE_PREVIEWS = YES;
				GENERATE_INFOPLIST_FILE = YES;
				INFOPLIST_KEY_UIApplicationSceneManifest_Generation = YES;
				INFOPLIST_KEY_UIApplicationSupportsIndirectInputEvents = YES;
				INFOPLIST_KEY_UILaunchScreen_Generation = YES;
				INFOPLIST_KEY_UISupportedInterfaceOrientations_iPad = "UIInterfaceOrientationPortrait UIInterfaceOrientationPortraitUpsideDown UIInterfaceOrientationLandscapeLeft UIInterfaceOrientationLandscapeRight";
				INFOPLIST_KEY_UISupportedInterfaceOrientations_iPhone = "UIInterfaceOrientationPortrait UIInterfaceOrientationLandscapeLeft UIInterfaceOrientationLandscapeRight";
				LD_RUNPATH_SEARCH_PATHS = (
					"$(inherited)",
					"@executable_path/Frameworks",
				);
				MARKETING_VERSION = 1.0;
				PRODUCT_BUNDLE_IDENTIFIER = "com.maximilianbeckmann.Simple-Task-Planner--PP-IV-";
				PRODUCT_NAME = "$(TARGET_NAME)";
				SWIFT_EMIT_LOC_STRINGS = YES;
				SWIFT_VERSION = 5.0;
				TARGETED_DEVICE_FAMILY = "1,2";
			};
			name = Debug;
		};
		507F0FF22C089AD5005BFEAE /* Release */ = {
			isa = XCBuildConfiguration;
			buildSettings = {
				ASSETCATALOG_COMPILER_APPICON_NAME = AppIcon;
				ASSETCATALOG_COMPILER_GLOBAL_ACCENT_COLOR_NAME = AccentColor;
				CODE_SIGN_STYLE = Automatic;
				CURRENT_PROJECT_VERSION = 1;
				DEVELOPMENT_ASSET_PATHS = "\"Simple Task Planner (PP IV)/Preview Content\"";
				DEVELOPMENT_TEAM = 29K2K8YXWB;
				ENABLE_PREVIEWS = YES;
				GENERATE_INFOPLIST_FILE = YES;
				INFOPLIST_KEY_UIApplicationSceneManifest_Generation = YES;
				INFOPLIST_KEY_UIApplicationSupportsIndirectInputEvents = YES;
				INFOPLIST_KEY_UILaunchScreen_Generation = YES;
				INFOPLIST_KEY_UISupportedInterfaceOrientations_iPad = "UIInterfaceOrientationPortrait UIInterfaceOrientationPortraitUpsideDown UIInterfaceOrientationLandscapeLeft UIInterfaceOrientationLandscapeRight";
				INFOPLIST_KEY_UISupportedInterfaceOrientations_iPhone = "UIInterfaceOrientationPortrait UIInterfaceOrientationLandscapeLeft UIInterfaceOrientationLandscapeRight";
				LD_RUNPATH_SEARCH_PATHS = (
					"$(inherited)",
					"@executable_path/Frameworks",
				);
				MARKETING_VERSION = 1.0;
				PRODUCT_BUNDLE_IDENTIFIER = "com.maximilianbeckmann.Simple-Task-Planner--PP-IV-";
				PRODUCT_NAME = "$(TARGET_NAME)";
				SWIFT_EMIT_LOC_STRINGS = YES;
				SWIFT_VERSION = 5.0;
				TARGETED_DEVICE_FAMILY = "1,2";
			};
			name = Release;
		};
		507F0FF42C089AD5005BFEAE /* Debug */ = {
			isa = XCBuildConfiguration;
			buildSettings = {
				ALWAYS_EMBED_SWIFT_STANDARD_LIBRARIES = YES;
				BUNDLE_LOADER = "$(TEST_HOST)";
				CODE_SIGN_STYLE = Automatic;
				CURRENT_PROJECT_VERSION = 1;
				DEVELOPMENT_TEAM = 29K2K8YXWB;
				GENERATE_INFOPLIST_FILE = YES;
				IPHONEOS_DEPLOYMENT_TARGET = 17.5;
				MARKETING_VERSION = 1.0;
				PRODUCT_BUNDLE_IDENTIFIER = "com.maximilianbeckmann.Simple-Task-Planner--PP-IV-Tests";
				PRODUCT_NAME = "$(TARGET_NAME)";
				SWIFT_EMIT_LOC_STRINGS = NO;
				SWIFT_VERSION = 5.0;
				TARGETED_DEVICE_FAMILY = "1,2";
				TEST_HOST = "$(BUILT_PRODUCTS_DIR)/Simple Task Planner (PP IV).app/$(BUNDLE_EXECUTABLE_FOLDER_PATH)/Simple Task Planner (PP IV)";
			};
			name = Debug;
		};
		507F0FF52C089AD5005BFEAE /* Release */ = {
			isa = XCBuildConfiguration;
			buildSettings = {
				ALWAYS_EMBED_SWIFT_STANDARD_LIBRARIES = YES;
				BUNDLE_LOADER = "$(TEST_HOST)";
				CODE_SIGN_STYLE = Automatic;
				CURRENT_PROJECT_VERSION = 1;
				DEVELOPMENT_TEAM = 29K2K8YXWB;
				GENERATE_INFOPLIST_FILE = YES;
				IPHONEOS_DEPLOYMENT_TARGET = 17.5;
				MARKETING_VERSION = 1.0;
				PRODUCT_BUNDLE_IDENTIFIER = "com.maximilianbeckmann.Simple-Task-Planner--PP-IV-Tests";
				PRODUCT_NAME = "$(TARGET_NAME)";
				SWIFT_EMIT_LOC_STRINGS = NO;
				SWIFT_VERSION = 5.0;
				TARGETED_DEVICE_FAMILY = "1,2";
				TEST_HOST = "$(BUILT_PRODUCTS_DIR)/Simple Task Planner (PP IV).app/$(BUNDLE_EXECUTABLE_FOLDER_PATH)/Simple Task Planner (PP IV)";
			};
			name = Release;
		};
		507F0FF72C089AD5005BFEAE /* Debug */ = {
			isa = XCBuildConfiguration;
			buildSettings = {
				ALWAYS_EMBED_SWIFT_STANDARD_LIBRARIES = YES;
				CODE_SIGN_STYLE = Automatic;
				CURRENT_PROJECT_VERSION = 1;
				DEVELOPMENT_TEAM = 29K2K8YXWB;
				GENERATE_INFOPLIST_FILE = YES;
				MARKETING_VERSION = 1.0;
				PRODUCT_BUNDLE_IDENTIFIER = "com.maximilianbeckmann.Simple-Task-Planner--PP-IV-UITests";
				PRODUCT_NAME = "$(TARGET_NAME)";
				SWIFT_EMIT_LOC_STRINGS = NO;
				SWIFT_VERSION = 5.0;
				TARGETED_DEVICE_FAMILY = "1,2";
				TEST_TARGET_NAME = "Simple Task Planner (PP IV)";
			};
			name = Debug;
		};
		507F0FF82C089AD5005BFEAE /* Release */ = {
			isa = XCBuildConfiguration;
			buildSettings = {
				ALWAYS_EMBED_SWIFT_STANDARD_LIBRARIES = YES;
				CODE_SIGN_STYLE = Automatic;
				CURRENT_PROJECT_VERSION = 1;
				DEVELOPMENT_TEAM = 29K2K8YXWB;
				GENERATE_INFOPLIST_FILE = YES;
				MARKETING_VERSION = 1.0;
				PRODUCT_BUNDLE_IDENTIFIER = "com.maximilianbeckmann.Simple-Task-Planner--PP-IV-UITests";
				PRODUCT_NAME = "$(TARGET_NAME)";
				SWIFT_EMIT_LOC_STRINGS = NO;
				SWIFT_VERSION = 5.0;
				TARGETED_DEVICE_FAMILY = "1,2";
				TEST_TARGET_NAME = "Simple Task Planner (PP IV)";
			};
			name = Release;
		};
/* End XCBuildConfiguration section */

/* Begin XCConfigurationList section */
		507F0FC52C089AD3005BFEAE /* Build configuration list for PBXProject "Simple Task Planner (PP IV)" */ = {
			isa = XCConfigurationList;
			buildConfigurations = (
				507F0FEE2C089AD5005BFEAE /* Debug */,
				507F0FEF2C089AD5005BFEAE /* Release */,
			);
			defaultConfigurationIsVisible = 0;
			defaultConfigurationName = Release;
		};
		507F0FF02C089AD5005BFEAE /* Build configuration list for PBXNativeTarget "Simple Task Planner (PP IV)" */ = {
			isa = XCConfigurationList;
			buildConfigurations = (
				507F0FF12C089AD5005BFEAE /* Debug */,
				507F0FF22C089AD5005BFEAE /* Release */,
			);
			defaultConfigurationIsVisible = 0;
			defaultConfigurationName = Release;
		};
		507F0FF32C089AD5005BFEAE /* Build configuration list for PBXNativeTarget "Simple Task Planner (PP IV)Tests" */ = {
			isa = XCConfigurationList;
			buildConfigurations = (
				507F0FF42C089AD5005BFEAE /* Debug */,
				507F0FF52C089AD5005BFEAE /* Release */,
			);
			defaultConfigurationIsVisible = 0;
			defaultConfigurationName = Release;
		};
		507F0FF62C089AD5005BFEAE /* Build configuration list for PBXNativeTarget "Simple Task Planner (PP IV)UITests" */ = {
			isa = XCConfigurationList;
			buildConfigurations = (
				507F0FF72C089AD5005BFEAE /* Debug */,
				507F0FF82C089AD5005BFEAE /* Release */,
			);
			defaultConfigurationIsVisible = 0;
			defaultConfigurationName = Release;
		};
/* End XCConfigurationList section */
	};
	rootObject = 507F0FC22C089AD3005BFEAE /* Project object */;
}
